{
  "lockfileVersion": 1,
  "workspaces": {
    "": {
      "name": "bun-react-template",
      "dependencies": {
        "@react-three/drei": "^10.7.4",
        "@react-three/fiber": "^9.3.0",
        "@tanstack/react-router": "^1.131.35",
        "@types/three": "^0.179.0",
        "elysia": "^1.3.21",
        "lucide-react": "^0.556.0",
        "react": "^19",
        "react-dom": "^19",
        "three": "^0.180.0",
      },
      "devDependencies": {
        "@types/bun": "latest",
        "@types/react": "^19",
        "@types/react-dom": "^19",
      },
    },
  },
  "packages": {
    "@babel/runtime": ["@babel/runtime@7.28.3", "", {}, "sha512-9uIQ10o0WGdpP6GDhXcdOJPJuDgFtIDtN/9+ArJQ2NAfAmiuhTQdzkaTGR33v43GYS2UrSA0eX2pPPHoFVvpxA=="],

    "@borewit/text-codec": ["@borewit/text-codec@0.1.1", "", {}, "sha512-5L/uBxmjaCIX5h8Z+uu+kA9BQLkc/Wl06UGR5ajNRxu+/XjonB5i8JpgFMrPj3LXTCPA0pv8yxUvbUi+QthGGA=="],

    "@dimforge/rapier3d-compat": ["@dimforge/rapier3d-compat@0.12.0", "", {}, "sha512-uekIGetywIgopfD97oDL5PfeezkFpNhwlzlaEYNOA0N6ghdsOvh/HYjSMek5Q2O1PYvRSDFcqFVJl4r4ZBwOow=="],

    "@mediapipe/tasks-vision": ["@mediapipe/tasks-vision@0.10.17", "", {}, "sha512-CZWV/q6TTe8ta61cZXjfnnHsfWIdFhms03M9T7Cnd5y2mdpylJM0rF1qRq+wsQVRMLz1OYPVEBU9ph2Bx8cxrg=="],

    "@monogrid/gainmap-js": ["@monogrid/gainmap-js@3.1.0", "", { "dependencies": { "promise-worker-transferable": "^1.0.4" }, "peerDependencies": { "three": ">= 0.159.0" } }, "sha512-Obb0/gEd/HReTlg8ttaYk+0m62gQJmCblMOjHSMHRrBP2zdfKMHLCRbh/6ex9fSUJMKdjjIEiohwkbGD3wj2Nw=="],

    "@react-three/drei": ["@react-three/drei@10.7.4", "", { "dependencies": { "@babel/runtime": "^7.26.0", "@mediapipe/tasks-vision": "0.10.17", "@monogrid/gainmap-js": "^3.0.6", "@use-gesture/react": "^10.3.1", "camera-controls": "^3.1.0", "cross-env": "^7.0.3", "detect-gpu": "^5.0.56", "glsl-noise": "^0.0.0", "hls.js": "^1.5.17", "maath": "^0.10.8", "meshline": "^3.3.1", "stats-gl": "^2.2.8", "stats.js": "^0.17.0", "suspend-react": "^0.1.3", "three-mesh-bvh": "^0.8.3", "three-stdlib": "^2.35.6", "troika-three-text": "^0.52.4", "tunnel-rat": "^0.1.2", "use-sync-external-store": "^1.4.0", "utility-types": "^3.11.0", "zustand": "^5.0.1" }, "peerDependencies": { "@react-three/fiber": "^9.0.0", "react": "^19", "react-dom": "^19", "three": ">=0.159" }, "optionalPeers": ["react-dom"] }, "sha512-awojw2DAwmQmAXawNNcBmVJnXzIhsuCRm8pELAdETzPVA6jIHj0Mlm4Ce8fjtJpFEIoTgLOaQ8iYROiOA2ZN6g=="],

    "@react-three/fiber": ["@react-three/fiber@9.3.0", "", { "dependencies": { "@babel/runtime": "^7.17.8", "@types/react-reconciler": "^0.32.0", "@types/webxr": "*", "base64-js": "^1.5.1", "buffer": "^6.0.3", "its-fine": "^2.0.0", "react-reconciler": "^0.31.0", "react-use-measure": "^2.1.7", "scheduler": "^0.25.0", "suspend-react": "^0.1.3", "use-sync-external-store": "^1.4.0", "zustand": "^5.0.3" }, "peerDependencies": { "expo": ">=43.0", "expo-asset": ">=8.4", "expo-file-system": ">=11.0", "expo-gl": ">=11.0", "react": "^19.0.0", "react-dom": "^19.0.0", "react-native": ">=0.78", "three": ">=0.156" }, "optionalPeers": ["expo", "expo-asset", "expo-file-system", "expo-gl", "react-dom", "react-native"] }, "sha512-myPe3YL/C8+Eq939/4qIVEPBW/uxV0iiUbmjfwrs9sGKYDG8ib8Dz3Okq7BQt8P+0k4igedONbjXMQy84aDFmQ=="],

    "@sinclair/typebox": ["@sinclair/typebox@0.34.41", "", {}, "sha512-6gS8pZzSXdyRHTIqoqSVknxolr1kzfy4/CeDnrzsVz8TTIWUbOBr6gnzOmTYJ3eXQNh4IYHIGi5aIL7sOZ2G/g=="],

    "@tanstack/history": ["@tanstack/history@1.131.2", "", {}, "sha512-cs1WKawpXIe+vSTeiZUuSBy8JFjEuDgdMKZFRLKwQysKo8y2q6Q1HvS74Yw+m5IhOW1nTZooa6rlgdfXcgFAaw=="],

    "@tanstack/react-router": ["@tanstack/react-router@1.131.35", "", { "dependencies": { "@tanstack/history": "1.131.2", "@tanstack/react-store": "^0.7.0", "@tanstack/router-core": "1.131.35", "isbot": "^5.1.22", "tiny-invariant": "^1.3.3", "tiny-warning": "^1.0.3" }, "peerDependencies": { "react": ">=18.0.0 || >=19.0.0", "react-dom": ">=18.0.0 || >=19.0.0" } }, "sha512-2mwHgwoSs4wih67jfl2TjcF4enYpLpY0TljE+Sl1njZ01CWLrrQgjQ6tEuVA24Pm5re4V01A3abKvDtN1miQ9Q=="],

    "@tanstack/react-store": ["@tanstack/react-store@0.7.4", "", { "dependencies": { "@tanstack/store": "0.7.4", "use-sync-external-store": "^1.5.0" }, "peerDependencies": { "react": "^16.8.0 || ^17.0.0 || ^18.0.0 || ^19.0.0", "react-dom": "^16.8.0 || ^17.0.0 || ^18.0.0 || ^19.0.0" } }, "sha512-DyG1e5Qz/c1cNLt/NdFbCA7K1QGuFXQYT6EfUltYMJoQ4LzBOGnOl5IjuxepNcRtmIKkGpmdMzdFZEkevgU9bQ=="],

    "@tanstack/router-core": ["@tanstack/router-core@1.131.35", "", { "dependencies": { "@tanstack/history": "1.131.2", "@tanstack/store": "^0.7.0", "cookie-es": "^1.2.2", "seroval": "^1.3.2", "seroval-plugins": "^1.3.2", "tiny-invariant": "^1.3.3", "tiny-warning": "^1.0.3" } }, "sha512-wS+Tcczo3+63LbrRKQGrpUSa9yws0V/fg32KK/tOi0BDlloVM3KTED3UP2hMVyqaMgts6jK7n1b/cEGWOlLdAA=="],

    "@tanstack/store": ["@tanstack/store@0.7.4", "", {}, "sha512-F1XqZQici1Aq6WigEfcxJSml92nW+85Om8ElBMokPNg5glCYVOmPkZGIQeieYFxcPiKTfwo0MTOQpUyJtwncrg=="],

    "@tokenizer/inflate": ["@tokenizer/inflate@0.2.7", "", { "dependencies": { "debug": "^4.4.0", "fflate": "^0.8.2", "token-types": "^6.0.0" } }, "sha512-MADQgmZT1eKjp06jpI2yozxaU9uVs4GzzgSL+uEq7bVcJ9V1ZXQkeGNql1fsSI0gMy1vhvNTNbUqrx+pZfJVmg=="],

    "@tokenizer/token": ["@tokenizer/token@0.3.0", "", {}, "sha512-OvjF+z51L3ov0OyAU0duzsYuvO01PH7x4t6DJx+guahgTnBHkhJdG7soQeTSFLWN3efnHyibZ4Z8l2EuWwJN3A=="],

    "@tweenjs/tween.js": ["@tweenjs/tween.js@23.1.3", "", {}, "sha512-vJmvvwFxYuGnF2axRtPYocag6Clbb5YS7kLL+SO/TeVFzHqDIWrNKYtcsPMibjDx9O+bu+psAy9NKfWklassUA=="],

    "@types/bun": ["@types/bun@1.2.21", "", { "dependencies": { "bun-types": "1.2.21" } }, "sha512-NiDnvEqmbfQ6dmZ3EeUO577s4P5bf4HCTXtI6trMc6f6RzirY5IrF3aIookuSpyslFzrnvv2lmEWv5HyC1X79A=="],

    "@types/draco3d": ["@types/draco3d@1.4.10", "", {}, "sha512-AX22jp8Y7wwaBgAixaSvkoG4M/+PlAcm3Qs4OW8yT9DM4xUpWKeFhLueTAyZF39pviAdcDdeJoACapiAceqNcw=="],

    "@types/node": ["@types/node@24.3.0", "", { "dependencies": { "undici-types": "~7.10.0" } }, "sha512-aPTXCrfwnDLj4VvXrm+UUCQjNEvJgNA8s5F1cvwQU+3KNltTOkBm1j30uNLyqqPNe7gE3KFzImYoZEfLhp4Yow=="],

    "@types/offscreencanvas": ["@types/offscreencanvas@2019.7.3", "", {}, "sha512-ieXiYmgSRXUDeOntE1InxjWyvEelZGP63M+cGuquuRLuIKKT1osnkXjxev9B7d1nXSug5vpunx+gNlbVxMlC9A=="],

    "@types/react": ["@types/react@19.1.12", "", { "dependencies": { "csstype": "^3.0.2" } }, "sha512-cMoR+FoAf/Jyq6+Df2/Z41jISvGZZ2eTlnsaJRptmZ76Caldwy1odD4xTr/gNV9VLj0AWgg/nmkevIyUfIIq5w=="],

    "@types/react-dom": ["@types/react-dom@19.1.9", "", { "peerDependencies": { "@types/react": "^19.0.0" } }, "sha512-qXRuZaOsAdXKFyOhRBg6Lqqc0yay13vN7KrIg4L7N4aaHN68ma9OK3NE1BoDFgFOTfM7zg+3/8+2n8rLUH3OKQ=="],

    "@types/react-reconciler": ["@types/react-reconciler@0.32.1", "", { "peerDependencies": { "@types/react": "*" } }, "sha512-RsqPttsBQ+6af0nATFXJJpemYQH7kL9+xLNm1z+0MjQFDKBZDM2R6SBrjdvRmHu9i9fM6povACj57Ft+pKRNOA=="],

    "@types/stats.js": ["@types/stats.js@0.17.4", "", {}, "sha512-jIBvWWShCvlBqBNIZt0KAshWpvSjhkwkEu4ZUcASoAvhmrgAUI2t1dXrjSL4xXVLB4FznPrIsX3nKXFl/Dt4vA=="],

    "@types/three": ["@types/three@0.179.0", "", { "dependencies": { "@dimforge/rapier3d-compat": "~0.12.0", "@tweenjs/tween.js": "~23.1.3", "@types/stats.js": "*", "@types/webxr": "*", "@webgpu/types": "*", "fflate": "~0.8.2", "meshoptimizer": "~0.22.0" } }, "sha512-VgbFG2Pgsm84BqdegZzr7w2aKbQxmgzIu4Dy7/75ygiD/0P68LKmp5ie08KMPNqGTQwIge8s6D1guZf1RnZE0A=="],

    "@types/webxr": ["@types/webxr@0.5.23", "", {}, "sha512-GPe4AsfOSpqWd3xA/0gwoKod13ChcfV67trvxaW2krUbgb9gxQjnCx8zGshzMl8LSHZlNH5gQ8LNScsDuc7nGQ=="],

    "@use-gesture/core": ["@use-gesture/core@10.3.1", "", {}, "sha512-WcINiDt8WjqBdUXye25anHiNxPc0VOrlT8F6LLkU6cycrOGUDyY/yyFmsg3k8i5OLvv25llc0QC45GhR/C8llw=="],

    "@use-gesture/react": ["@use-gesture/react@10.3.1", "", { "dependencies": { "@use-gesture/core": "10.3.1" }, "peerDependencies": { "react": ">= 16.8.0" } }, "sha512-Yy19y6O2GJq8f7CHf7L0nxL8bf4PZCPaVOCgJrusOeFHY1LvHgYXnmnXg6N5iwAnbgbZCDjo60SiM6IPJi9C5g=="],

    "@webgpu/types": ["@webgpu/types@0.1.64", "", {}, "sha512-84kRIAGV46LJTlJZWxShiOrNL30A+9KokD7RB3dRCIqODFjodS5tCD5yyiZ8kIReGVZSDfA3XkkwyyOIF6K62A=="],

    "base64-js": ["base64-js@1.5.1", "", {}, "sha512-AKpaYlHn8t4SVbOHCy+b5+KKgvR4vrsD8vbvrbiQJps7fKDTkjkDry6ji0rUJjC0kzbNePLwzxq8iypo41qeWA=="],

    "bidi-js": ["bidi-js@1.0.3", "", { "dependencies": { "require-from-string": "^2.0.2" } }, "sha512-RKshQI1R3YQ+n9YJz2QQ147P66ELpa1FQEg20Dk8oW9t2KgLbpDLLp9aGZ7y8WHSshDknG0bknqGw5/tyCs5tw=="],

    "buffer": ["buffer@6.0.3", "", { "dependencies": { "base64-js": "^1.3.1", "ieee754": "^1.2.1" } }, "sha512-FTiCpNxtwiZZHEZbcbTIcZjERVICn9yq/pDFkTl95/AxzD1naBctN7YO68riM/gLSDY7sdrMby8hofADYuuqOA=="],

    "bun-types": ["bun-types@1.2.21", "", { "dependencies": { "@types/node": "*" }, "peerDependencies": { "@types/react": "^19" } }, "sha512-sa2Tj77Ijc/NTLS0/Odjq/qngmEPZfbfnOERi0KRUYhT9R8M4VBioWVmMWE5GrYbKMc+5lVybXygLdibHaqVqw=="],

    "camera-controls": ["camera-controls@3.1.0", "", { "peerDependencies": { "three": ">=0.126.1" } }, "sha512-w5oULNpijgTRH0ARFJJ0R5ct1nUM3R3WP7/b8A6j9uTGpRfnsypc/RBMPQV8JQDPayUe37p/TZZY1PcUr4czOQ=="],

    "cookie": ["cookie@1.0.2", "", {}, "sha512-9Kr/j4O16ISv8zBBhJoi4bXOYNTkFLOqSL3UDB0njXxCXNezjeyVrJyGOWtgfs/q2km1gwBcfH8q1yEGoMYunA=="],

    "cookie-es": ["cookie-es@1.2.2", "", {}, "sha512-+W7VmiVINB+ywl1HGXJXmrqkOhpKrIiVZV6tQuV54ZyQC7MMuBt81Vc336GMLoHBq5hV/F9eXgt5Mnx0Rha5Fg=="],

    "cross-env": ["cross-env@7.0.3", "", { "dependencies": { "cross-spawn": "^7.0.1" }, "bin": { "cross-env": "src/bin/cross-env.js", "cross-env-shell": "src/bin/cross-env-shell.js" } }, "sha512-+/HKd6EgcQCJGh2PSjZuUitQBQynKor4wrFbRg4DtAgS1aWO+gU52xpH7M9ScGgXSYmAVS9bIJ8EzuaGw0oNAw=="],

    "cross-spawn": ["cross-spawn@7.0.6", "", { "dependencies": { "path-key": "^3.1.0", "shebang-command": "^2.0.0", "which": "^2.0.1" } }, "sha512-uV2QOWP2nWzsy2aMp8aRibhi9dlzF5Hgh5SHaB9OiTGEyDTiJJyx0uy51QXdyWbtAHNua4XJzUKca3OzKUd3vA=="],

    "csstype": ["csstype@3.1.3", "", {}, "sha512-M1uQkMl8rQK/szD0LNhtqxIPLpimGm8sOBwU7lLnCpSbTyY3yeU1Vc7l4KT5zT4s/yOxHH5O7tIuuLOCnLADRw=="],

    "debug": ["debug@4.4.1", "", { "dependencies": { "ms": "^2.1.3" } }, "sha512-KcKCqiftBJcZr++7ykoDIEwSa3XWowTfNPo92BYxjXiyYEVrUQh2aLyhxBCwww+heortUFxEJYcRzosstTEBYQ=="],

    "detect-gpu": ["detect-gpu@5.0.70", "", { "dependencies": { "webgl-constants": "^1.1.1" } }, "sha512-bqerEP1Ese6nt3rFkwPnGbsUF9a4q+gMmpTVVOEzoCyeCc+y7/RvJnQZJx1JwhgQI5Ntg0Kgat8Uu7XpBqnz1w=="],

    "draco3d": ["draco3d@1.5.7", "", {}, "sha512-m6WCKt/erDXcw+70IJXnG7M3awwQPAsZvJGX5zY7beBqpELw6RDGkYVU0W43AFxye4pDZ5i2Lbyc/NNGqwjUVQ=="],

    "elysia": ["elysia@1.3.21", "", { "dependencies": { "cookie": "^1.0.2", "exact-mirror": "0.1.6", "fast-decode-uri-component": "^1.0.1" }, "optionalDependencies": { "@sinclair/typebox": "^0.34.33", "openapi-types": "^12.1.3" }, "peerDependencies": { "file-type": ">= 20.0.0", "typescript": ">= 5.0.0" } }, "sha512-LLfDSoVA5fBoqKQfMJyzmHLkya8zMbEYwd7DS7v2iQB706mgzWg0gufXl58cFALErcvSayplrkDvjkmlYTkIZQ=="],

    "exact-mirror": ["exact-mirror@0.1.6", "", { "peerDependencies": { "@sinclair/typebox": "^0.34.15" }, "optionalPeers": ["@sinclair/typebox"] }, "sha512-EXGDixoDotCGrXCce63zmGHDA+3Id6PPkIwshBHuB10dwVc4YV4gfaYLuysHOxyURmwyt4UL186ann0oYa2CFQ=="],

    "fast-decode-uri-component": ["fast-decode-uri-component@1.0.1", "", {}, "sha512-WKgKWg5eUxvRZGwW8FvfbaH7AXSh2cL+3j5fMGzUMCxWBJ3dV3a7Wz8y2f/uQ0e3B6WmodD3oS54jTQ9HVTIIg=="],

    "fflate": ["fflate@0.8.2", "", {}, "sha512-cPJU47OaAoCbg0pBvzsgpTPhmhqI5eJjh/JIu8tPj5q+T7iLvW/JAYUqmE7KOB4R1ZyEhzBaIQpQpardBF5z8A=="],

    "file-type": ["file-type@21.0.0", "", { "dependencies": { "@tokenizer/inflate": "^0.2.7", "strtok3": "^10.2.2", "token-types": "^6.0.0", "uint8array-extras": "^1.4.0" } }, "sha512-ek5xNX2YBYlXhiUXui3D/BXa3LdqPmoLJ7rqEx2bKJ7EAUEfmXgW0Das7Dc6Nr9MvqaOnIqiPV0mZk/r/UpNAg=="],

    "glsl-noise": ["glsl-noise@0.0.0", "", {}, "sha512-b/ZCF6amfAUb7dJM/MxRs7AetQEahYzJ8PtgfrmEdtw6uyGOr+ZSGtgjFm6mfsBkxJ4d2W7kg+Nlqzqvn3Bc0w=="],

    "hls.js": ["hls.js@1.6.11", "", {}, "sha512-tdDwOAgPGXohSiNE4oxGr3CI9Hx9lsGLFe6TULUvRk2TfHS+w1tSAJntrvxsHaxvjtr6BXsDZM7NOqJFhU4mmg=="],

    "ieee754": ["ieee754@1.2.1", "", {}, "sha512-dcyqhDvX1C46lXZcVqCpK+FtMRQVdIMN6/Df5js2zouUsqG7I6sFxitIC+7KYK29KdXOLHdu9zL4sFnoVQnqaA=="],

    "immediate": ["immediate@3.0.6", "", {}, "sha512-XXOFtyqDjNDAQxVfYxuF7g9Il/IbWmmlQg2MYKOH8ExIT1qg6xc4zyS3HaEEATgs1btfzxq15ciUiY7gjSXRGQ=="],

    "is-promise": ["is-promise@2.2.2", "", {}, "sha512-+lP4/6lKUBfQjZ2pdxThZvLUAafmZb8OAxFb8XXtiQmS35INgr85hdOGoEs124ez1FCnZJt6jau/T+alh58QFQ=="],

    "isbot": ["isbot@5.1.30", "", {}, "sha512-3wVJEonAns1OETX83uWsk5IAne2S5zfDcntD2hbtU23LelSqNXzXs9zKjMPOLMzroCgIjCfjYAEHrd2D6FOkiA=="],

    "isexe": ["isexe@2.0.0", "", {}, "sha512-RHxMLp9lnKHGHRng9QFhRCMbYAcVpn69smSGcq3f36xjgVVWThj4qqLbTLlq7Ssj8B+fIQ1EuCEGI2lKsyQeIw=="],

    "its-fine": ["its-fine@2.0.0", "", { "dependencies": { "@types/react-reconciler": "^0.28.9" }, "peerDependencies": { "react": "^19.0.0" } }, "sha512-KLViCmWx94zOvpLwSlsx6yOCeMhZYaxrJV87Po5k/FoZzcPSahvK5qJ7fYhS61sZi5ikmh2S3Hz55A2l3U69ng=="],

    "lie": ["lie@3.3.0", "", { "dependencies": { "immediate": "~3.0.5" } }, "sha512-UaiMJzeWRlEujzAuw5LokY1L5ecNQYZKfmyZ9L7wDHb/p5etKaxXhohBcrw0EYby+G/NA52vRSN4N39dxHAIwQ=="],

    "lucide-react": ["lucide-react@0.556.0", "", { "peerDependencies": { "react": "^16.5.1 || ^17.0.0 || ^18.0.0 || ^19.0.0" } }, "sha512-iOb8dRk7kLaYBZhR2VlV1CeJGxChBgUthpSP8wom9jfj79qovgG6qcSdiy6vkoREKPnbUYzJsCn4o4PtG3Iy+A=="],

    "maath": ["maath@0.10.8", "", { "peerDependencies": { "@types/three": ">=0.134.0", "three": ">=0.134.0" } }, "sha512-tRvbDF0Pgqz+9XUa4jjfgAQ8/aPKmQdWXilFu2tMy4GWj4NOsx99HlULO4IeREfbO3a0sA145DZYyvXPkybm0g=="],

    "meshline": ["meshline@3.3.1", "", { "peerDependencies": { "three": ">=0.137" } }, "sha512-/TQj+JdZkeSUOl5Mk2J7eLcYTLiQm2IDzmlSvYm7ov15anEcDJ92GHqqazxTSreeNgfnYu24kiEvvv0WlbCdFQ=="],

    "meshoptimizer": ["meshoptimizer@0.22.0", "", {}, "sha512-IebiK79sqIy+E4EgOr+CAw+Ke8hAspXKzBd0JdgEmPHiAwmvEj2S4h1rfvo+o/BnfEYd/jAOg5IeeIjzlzSnDg=="],

    "ms": ["ms@2.1.3", "", {}, "sha512-6FlzubTLZG3J2a/NVCAleEhjzq5oxgHyaCU9yYXvcLsvoVaHJq/s5xXI6/XXP6tz7R9xAOtHnSO/tXtF3WRTlA=="],

    "openapi-types": ["openapi-types@12.1.3", "", {}, "sha512-N4YtSYJqghVu4iek2ZUvcN/0aqH1kRDuNqzcycDxhOUpg7GdvLa2F3DgS6yBNhInhv2r/6I0Flkn7CqL8+nIcw=="],

    "path-key": ["path-key@3.1.1", "", {}, "sha512-ojmeN0qd+y0jszEtoY48r0Peq5dwMEkIlCOu6Q5f41lfkswXuKtYrhgoTpLnyIcHm24Uhqx+5Tqm2InSwLhE6Q=="],

    "potpack": ["potpack@1.0.2", "", {}, "sha512-choctRBIV9EMT9WGAZHn3V7t0Z2pMQyl0EZE6pFc/6ml3ssw7Dlf/oAOvFwjm1HVsqfQN8GfeFyJ+d8tRzqueQ=="],

    "promise-worker-transferable": ["promise-worker-transferable@1.0.4", "", { "dependencies": { "is-promise": "^2.1.0", "lie": "^3.0.2" } }, "sha512-bN+0ehEnrXfxV2ZQvU2PetO0n4gqBD4ulq3MI1WOPLgr7/Mg9yRQkX5+0v1vagr74ZTsl7XtzlaYDo2EuCeYJw=="],

    "react": ["react@19.1.1", "", {}, "sha512-w8nqGImo45dmMIfljjMwOGtbmC/mk4CMYhWIicdSflH91J9TyCyczcPFXJzrZ/ZXcgGRFeP6BU0BEJTw6tZdfQ=="],

    "react-dom": ["react-dom@19.1.1", "", { "dependencies": { "scheduler": "^0.26.0" }, "peerDependencies": { "react": "^19.1.1" } }, "sha512-Dlq/5LAZgF0Gaz6yiqZCf6VCcZs1ghAJyrsu84Q/GT0gV+mCxbfmKNoGRKBYMJ8IEdGPqu49YWXD02GCknEDkw=="],

    "react-reconciler": ["react-reconciler@0.31.0", "", { "dependencies": { "scheduler": "^0.25.0" }, "peerDependencies": { "react": "^19.0.0" } }, "sha512-7Ob7Z+URmesIsIVRjnLoDGwBEG/tVitidU0nMsqX/eeJaLY89RISO/10ERe0MqmzuKUUB1rmY+h1itMbUHg9BQ=="],

    "react-use-measure": ["react-use-measure@2.1.7", "", { "peerDependencies": { "react": ">=16.13", "react-dom": ">=16.13" }, "optionalPeers": ["react-dom"] }, "sha512-KrvcAo13I/60HpwGO5jpW7E9DfusKyLPLvuHlUyP5zqnmAPhNc6qTRjUQrdTADl0lpPpDVU2/Gg51UlOGHXbdg=="],

    "require-from-string": ["require-from-string@2.0.2", "", {}, "sha512-Xf0nWe6RseziFMu+Ap9biiUbmplq6S9/p+7w7YXP/JBHhrUDDUhwa+vANyubuqfZWTveU//DYVGsDG7RKL/vEw=="],

    "scheduler": ["scheduler@0.25.0", "", {}, "sha512-xFVuu11jh+xcO7JOAGJNOXld8/TcEHK/4CituBUeUb5hqxJLj9YuemAEuvm9gQ/+pgXYfbQuqAkiYu+u7YEsNA=="],

    "seroval": ["seroval@1.3.2", "", {}, "sha512-RbcPH1n5cfwKrru7v7+zrZvjLurgHhGyso3HTyGtRivGWgYjbOmGuivCQaORNELjNONoK35nj28EoWul9sb1zQ=="],

    "seroval-plugins": ["seroval-plugins@1.3.3", "", { "peerDependencies": { "seroval": "^1.0" } }, "sha512-16OL3NnUBw8JG1jBLUoZJsLnQq0n5Ua6aHalhJK4fMQkz1lqR7Osz1sA30trBtd9VUDc2NgkuRCn8+/pBwqZ+w=="],

    "shebang-command": ["shebang-command@2.0.0", "", { "dependencies": { "shebang-regex": "^3.0.0" } }, "sha512-kHxr2zZpYtdmrN1qDjrrX/Z1rR1kG8Dx+gkpK1G4eXmvXswmcE1hTWBWYUzlraYw1/yZp6YuDY77YtvbN0dmDA=="],

    "shebang-regex": ["shebang-regex@3.0.0", "", {}, "sha512-7++dFhtcx3353uBaq8DDR4NuxBetBzC7ZQOhmTQInHEd6bSrXdiEyzCvG07Z44UYdLShWUyXt5M/yhz8ekcb1A=="],

    "stats-gl": ["stats-gl@2.4.2", "", { "dependencies": { "@types/three": "*", "three": "^0.170.0" } }, "sha512-g5O9B0hm9CvnM36+v7SFl39T7hmAlv541tU81ME8YeSb3i1CIP5/QdDeSB3A0la0bKNHpxpwxOVRo2wFTYEosQ=="],

    "stats.js": ["stats.js@0.17.0", "", {}, "sha512-hNKz8phvYLPEcRkeG1rsGmV5ChMjKDAWU7/OJJdDErPBNChQXxCo3WZurGpnWc6gZhAzEPFad1aVgyOANH1sMw=="],

    "strtok3": ["strtok3@10.3.4", "", { "dependencies": { "@tokenizer/token": "^0.3.0" } }, "sha512-KIy5nylvC5le1OdaaoCJ07L+8iQzJHGH6pWDuzS+d07Cu7n1MZ2x26P8ZKIWfbK02+XIL8Mp4RkWeqdUCrDMfg=="],

    "suspend-react": ["suspend-react@0.1.3", "", { "peerDependencies": { "react": ">=17.0" } }, "sha512-aqldKgX9aZqpoDp3e8/BZ8Dm7x1pJl+qI3ZKxDN0i/IQTWUwBx/ManmlVJ3wowqbno6c2bmiIfs+Um6LbsjJyQ=="],

    "three": ["three@0.180.0", "", {}, "sha512-o+qycAMZrh+TsE01GqWUxUIKR1AL0S8pq7zDkYOQw8GqfX8b8VoCKYUoHbhiX5j+7hr8XsuHDVU6+gkQJQKg9w=="],

    "three-mesh-bvh": ["three-mesh-bvh@0.8.3", "", { "peerDependencies": { "three": ">= 0.159.0" } }, "sha512-4G5lBaF+g2auKX3P0yqx+MJC6oVt6sB5k+CchS6Ob0qvH0YIhuUk1eYr7ktsIpY+albCqE80/FVQGV190PmiAg=="],

    "three-stdlib": ["three-stdlib@2.36.0", "", { "dependencies": { "@types/draco3d": "^1.4.0", "@types/offscreencanvas": "^2019.6.4", "@types/webxr": "^0.5.2", "draco3d": "^1.4.1", "fflate": "^0.6.9", "potpack": "^1.0.1" }, "peerDependencies": { "three": ">=0.128.0" } }, "sha512-kv0Byb++AXztEGsULgMAs8U2jgUdz6HPpAB/wDJnLiLlaWQX2APHhiTJIN7rqW+Of0eRgcp7jn05U1BsCP3xBA=="],

    "tiny-invariant": ["tiny-invariant@1.3.3", "", {}, "sha512-+FbBPE1o9QAYvviau/qC5SE3caw21q3xkvWKBtja5vgqOWIHHJ3ioaq1VPfn/Szqctz2bU/oYeKd9/z5BL+PVg=="],

    "tiny-warning": ["tiny-warning@1.0.3", "", {}, "sha512-lBN9zLN/oAf68o3zNXYrdCt1kP8WsiGW8Oo2ka41b2IM5JL/S1CTyX1rW0mb/zSuJun0ZUrDxx4sqvYS2FWzPA=="],

    "token-types": ["token-types@6.1.1", "", { "dependencies": { "@borewit/text-codec": "^0.1.0", "@tokenizer/token": "^0.3.0", "ieee754": "^1.2.1" } }, "sha512-kh9LVIWH5CnL63Ipf0jhlBIy0UsrMj/NJDfpsy1SqOXlLKEVyXXYrnFxFT1yOOYVGBSApeVnjPw/sBz5BfEjAQ=="],

    "troika-three-text": ["troika-three-text@0.52.4", "", { "dependencies": { "bidi-js": "^1.0.2", "troika-three-utils": "^0.52.4", "troika-worker-utils": "^0.52.0", "webgl-sdf-generator": "1.1.1" }, "peerDependencies": { "three": ">=0.125.0" } }, "sha512-V50EwcYGruV5rUZ9F4aNsrytGdKcXKALjEtQXIOBfhVoZU9VAqZNIoGQ3TMiooVqFAbR1w15T+f+8gkzoFzawg=="],

    "troika-three-utils": ["troika-three-utils@0.52.4", "", { "peerDependencies": { "three": ">=0.125.0" } }, "sha512-NORAStSVa/BDiG52Mfudk4j1FG4jC4ILutB3foPnfGbOeIs9+G5vZLa0pnmnaftZUGm4UwSoqEpWdqvC7zms3A=="],

    "troika-worker-utils": ["troika-worker-utils@0.52.0", "", {}, "sha512-W1CpvTHykaPH5brv5VHLfQo9D1OYuo0cSBEUQFFT/nBUzM8iD6Lq2/tgG/f1OelbAS1WtaTPQzE5uM49egnngw=="],

    "tunnel-rat": ["tunnel-rat@0.1.2", "", { "dependencies": { "zustand": "^4.3.2" } }, "sha512-lR5VHmkPhzdhrM092lI2nACsLO4QubF0/yoOhzX7c+wIpbN1GjHNzCc91QlpxBi+cnx8vVJ+Ur6vL5cEoQPFpQ=="],

    "typescript": ["typescript@5.9.2", "", { "bin": { "tsc": "bin/tsc", "tsserver": "bin/tsserver" } }, "sha512-CWBzXQrc/qOkhidw1OzBTQuYRbfyxDXJMVJ1XNwUHGROVmuaeiEm3OslpZ1RV96d7SKKjZKrSJu3+t/xlw3R9A=="],

    "uint8array-extras": ["uint8array-extras@1.5.0", "", {}, "sha512-rvKSBiC5zqCCiDZ9kAOszZcDvdAHwwIKJG33Ykj43OKcWsnmcBRL09YTU4nOeHZ8Y2a7l1MgTd08SBe9A8Qj6A=="],

    "undici-types": ["undici-types@7.10.0", "", {}, "sha512-t5Fy/nfn+14LuOc2KNYg75vZqClpAiqscVvMygNnlsHBFpSXdJaYtXMcdNLpl/Qvc3P2cB3s6lOV51nqsFq4ag=="],

    "use-sync-external-store": ["use-sync-external-store@1.5.0", "", { "peerDependencies": { "react": "^16.8.0 || ^17.0.0 || ^18.0.0 || ^19.0.0" } }, "sha512-Rb46I4cGGVBmjamjphe8L/UnvJD+uPPtTkNvX5mZgqdbavhI4EbgIWJiIHXJ8bc/i9EQGPRh4DwEURJ552Do0A=="],

    "utility-types": ["utility-types@3.11.0", "", {}, "sha512-6Z7Ma2aVEWisaL6TvBCy7P8rm2LQoPv6dJ7ecIaIixHcwfbJ0x7mWdbcwlIM5IGQxPZSFYeqRCqlOOeKoJYMkw=="],

    "webgl-constants": ["webgl-constants@1.1.1", "", {}, "sha512-LkBXKjU5r9vAW7Gcu3T5u+5cvSvh5WwINdr0C+9jpzVB41cjQAP5ePArDtk/WHYdVj0GefCgM73BA7FlIiNtdg=="],

    "webgl-sdf-generator": ["webgl-sdf-generator@1.1.1", "", {}, "sha512-9Z0JcMTFxeE+b2x1LJTdnaT8rT8aEp7MVxkNwoycNmJWwPdzoXzMh0BjJSh/AEFP+KPYZUli814h8bJZFIZ2jA=="],

    "which": ["which@2.0.2", "", { "dependencies": { "isexe": "^2.0.0" }, "bin": { "node-which": "./bin/node-which" } }, "sha512-BLI3Tl1TW3Pvl70l3yq3Y64i+awpwXqsGBYWkkqMtnbXgrMD+yj7rhW0kuEDxzJaYXGjEW5ogapKNMEKNMjibA=="],

    "zustand": ["zustand@5.0.8", "", { "peerDependencies": { "@types/react": ">=18.0.0", "immer": ">=9.0.6", "react": ">=18.0.0", "use-sync-external-store": ">=1.2.0" }, "optionalPeers": ["@types/react", "immer", "react", "use-sync-external-store"] }, "sha512-gyPKpIaxY9XcO2vSMrLbiER7QMAMGOQZVRdJ6Zi782jkbzZygq5GI9nG8g+sMgitRtndwaBSl7uiqC49o1SSiw=="],

    "its-fine/@types/react-reconciler": ["@types/react-reconciler@0.28.9", "", { "peerDependencies": { "@types/react": "*" } }, "sha512-HHM3nxyUZ3zAylX8ZEyrDNd2XZOnQ0D5XfunJF5FLQnZbHHYq4UWvW1QfelQNXv1ICNkwYhfxjwfnqivYB6bFg=="],

    "react-dom/scheduler": ["scheduler@0.26.0", "", {}, "sha512-NlHwttCI/l5gCPR3D1nNXtWABUmBwvZpEQiD4IXSbIDq8BzLIK/7Ir5gTFSGZDUu37K5cMNp0hFtzO38sC7gWA=="],

    "stats-gl/three": ["three@0.170.0", "", {}, "sha512-FQK+LEpYc0fBD+J8g6oSEyyNzjp+Q7Ks1C568WWaoMRLW+TkNNWmenWeGgJjV105Gd+p/2ql1ZcjYvNiPZBhuQ=="],

    "three-stdlib/fflate": ["fflate@0.6.10", "", {}, "sha512-IQrh3lEPM93wVCEczc9SaAOvkmcoQn/G8Bo1e8ZPlY3X3bnAxWaBdvTdvM1hP62iZp0BXWDy4vTAy4fF0+Dlpg=="],

    "tunnel-rat/zustand": ["zustand@4.5.7", "", { "dependencies": { "use-sync-external-store": "^1.2.2" }, "peerDependencies": { "@types/react": ">=16.8", "immer": ">=9.0.6", "react": ">=16.8" }, "optionalPeers": ["@types/react", "immer", "react"] }, "sha512-CHOUy7mu3lbD6o6LJLfllpjkzhHXSBlX8B9+qPddUsIfeF5S/UZ5q0kmCsnRqT1UHFQZchNFDDzMbQsuesHWlw=="],
  }
}
